{
  "name": "cocon-app-test",
  "lockfileVersion": 2,
  "requires": true,
  "packages": {
    "": {
      "devDependencies": {
        "lefthook": "^1.2.1"
      }
    },
    "node_modules/lefthook": {
      "version": "1.2.1",
      "resolved": "https://registry.npmjs.org/lefthook/-/lefthook-1.2.1.tgz",
      "integrity": "sha512-yt+RkOaXR7raBSDsGYlUeiRh4b4ijh1Xx4b/TfC6KnZp6It6Nd3vLd9+/MAavgo0CCMoFS/QoBwpFKqnlk3knQ==",
      "dev": true,
      "hasInstallScript": true,
      "bin": {
        "lefthook": "bin/index.js"
      },
      "optionalDependencies": {
        "lefthook-darwin-arm64": "1.2.1",
        "lefthook-darwin-x64": "1.2.1",
        "lefthook-linux-arm64": "1.2.1",
        "lefthook-linux-x64": "1.2.1",
        "lefthook-windows-arm64": "1.2.1",
        "lefthook-windows-x64": "1.2.1"
      }
    },
    "node_modules/lefthook-darwin-arm64": {
      "version": "1.2.1",
      "resolved": "https://registry.npmjs.org/lefthook-darwin-arm64/-/lefthook-darwin-arm64-1.2.1.tgz",
      "integrity": "sha512-xvDC6K4KvZBYg0W3Qp7qZOcDScLS+ffwaTb5qDWa+mfE9pziYk9tUZihGjp6g7206yN9/+/fEAtgWlAjCC9Mzw==",
      "cpu": [
        "arm64"
      ],
      "dev": true,
      "optional": true,
      "os": [
        "darwin"
      ]
    },
    "node_modules/lefthook-darwin-x64": {
      "version": "1.2.1",
      "resolved": "https://registry.npmjs.org/lefthook-darwin-x64/-/lefthook-darwin-x64-1.2.1.tgz",
      "integrity": "sha512-Z7l3V8yeH6Bj0LRnmh/bK9wEvaZli1gvCeEZlu6Pt5Hj8gTPtLPwlCOtubDR78qPD9zgZfJBrRnU//YcOZ+uxg==",
      "cpu": [
        "x64"
      ],
      "dev": true,
      "optional": true,
      "os": [
        "darwin"
      ]
    },
    "node_modules/lefthook-linux-arm64": {
      "version": "1.2.1",
      "resolved": "https://registry.npmjs.org/lefthook-linux-arm64/-/lefthook-linux-arm64-1.2.1.tgz",
      "integrity": "sha512-ez50a1WO4Aue9CFWmyQfH/NOvp+B1df4wNuo2nnD/rzgavoDHcEaKlEc3YS6K9IY3P/SaWI/xbHUQdQEuGp/pQ==",
      "cpu": [
        "arm64"
      ],
      "dev": true,
      "optional": true,
      "os": [
        "linux"
      ]
    },
    "node_modules/lefthook-linux-x64": {
      "version": "1.2.1",
      "resolved": "https://registry.npmjs.org/lefthook-linux-x64/-/lefthook-linux-x64-1.2.1.tgz",
      "integrity": "sha512-h3uLg0KLTfTs19Rrf4JHpFjFTkDLYxk+bOL4eJpNNuRAhsmOfQIXz7ze9UmQKGdeXSQ8BTzWny8eNiy9T7L79g==",
      "cpu": [
        "x64"
      ],
      "dev": true,
      "optional": true,
      "os": [
        "linux"
      ]
    },
    "node_modules/lefthook-windows-arm64": {
      "version": "1.2.1",
      "resolved": "https://registry.npmjs.org/lefthook-windows-arm64/-/lefthook-windows-arm64-1.2.1.tgz",
      "integrity": "sha512-zm3w3gDasN2oBCClKPiLhCXcSdjo6MyL44lNbOA+C/8LkMvNR38To1sOEcm9vk0SgYCPFcY9usQP3aiLPXeUfw==",
      "cpu": [
        "arm64"
      ],
      "dev": true,
      "optional": true,
      "os": [
        "win32"
      ]
    },
    "node_modules/lefthook-windows-x64": {
      "version": "1.2.1",
      "resolved": "https://registry.npmjs.org/lefthook-windows-x64/-/lefthook-windows-x64-1.2.1.tgz",
      "integrity": "sha512-7CdL19qY8J83OkG3LpZPx6QC5aiq53P5ioX7BCrANQAkl7QjOOJlU/QiNkXII68al/oDNhQM5lSaIxdH0nZhWQ==",
      "cpu": [
        "x64"
      ],
      "dev": true,
      "optional": true,
      "os": [
        "win32"
      ]
    }
  },
  "dependencies": {
    "lefthook": {
      "version": "1.2.1",
      "resolved": "https://registry.npmjs.org/lefthook/-/lefthook-1.2.1.tgz",
      "integrity": "sha512-yt+RkOaXR7raBSDsGYlUeiRh4b4ijh1Xx4b/TfC6KnZp6It6Nd3vLd9+/MAavgo0CCMoFS/QoBwpFKqnlk3knQ==",
      "dev": true,
      "requires": {
        "lefthook-darwin-arm64": "1.2.1",
        "lefthook-darwin-x64": "1.2.1",
        "lefthook-linux-arm64": "1.2.1",
        "lefthook-linux-x64": "1.2.1",
        "lefthook-windows-arm64": "1.2.1",
        "lefthook-windows-x64": "1.2.1"
      }
    },
    "lefthook-darwin-arm64": {
      "version": "1.2.1",
      "resolved": "https://registry.npmjs.org/lefthook-darwin-arm64/-/lefthook-darwin-arm64-1.2.1.tgz",
      "integrity": "sha512-xvDC6K4KvZBYg0W3Qp7qZOcDScLS+ffwaTb5qDWa+mfE9pziYk9tUZihGjp6g7206yN9/+/fEAtgWlAjCC9Mzw==",
      "dev": true,
      "optional": true
    },
    "lefthook-darwin-x64": {
      "version": "1.2.1",
      "resolved": "https://registry.npmjs.org/lefthook-darwin-x64/-/lefthook-darwin-x64-1.2.1.tgz",
      "integrity": "sha512-Z7l3V8yeH6Bj0LRnmh/bK9wEvaZli1gvCeEZlu6Pt5Hj8gTPtLPwlCOtubDR78qPD9zgZfJBrRnU//YcOZ+uxg==",
      "dev": true,
      "optional": true
    },
    "lefthook-linux-arm64": {
      "version": "1.2.1",
      "resolved": "https://registry.npmjs.org/lefthook-linux-arm64/-/lefthook-linux-arm64-1.2.1.tgz",
      "integrity": "sha512-ez50a1WO4Aue9CFWmyQfH/NOvp+B1df4wNuo2nnD/rzgavoDHcEaKlEc3YS6K9IY3P/SaWI/xbHUQdQEuGp/pQ==",
      "dev": true,
      "optional": true
    },
    "lefthook-linux-x64": {
      "version": "1.2.1",
      "resolved": "https://registry.npmjs.org/lefthook-linux-x64/-/lefthook-linux-x64-1.2.1.tgz",
      "integrity": "sha512-h3uLg0KLTfTs19Rrf4JHpFjFTkDLYxk+bOL4eJpNNuRAhsmOfQIXz7ze9UmQKGdeXSQ8BTzWny8eNiy9T7L79g==",
      "dev": true,
      "optional": true
    },
    "lefthook-windows-arm64": {
      "version": "1.2.1",
      "resolved": "https://registry.npmjs.org/lefthook-windows-arm64/-/lefthook-windows-arm64-1.2.1.tgz",
      "integrity": "sha512-zm3w3gDasN2oBCClKPiLhCXcSdjo6MyL44lNbOA+C/8LkMvNR38To1sOEcm9vk0SgYCPFcY9usQP3aiLPXeUfw==",
      "dev": true,
      "optional": true
    },
    "lefthook-windows-x64": {
      "version": "1.2.1",
      "resolved": "https://registry.npmjs.org/lefthook-windows-x64/-/lefthook-windows-x64-1.2.1.tgz",
      "integrity": "sha512-7CdL19qY8J83OkG3LpZPx6QC5aiq53P5ioX7BCrANQAkl7QjOOJlU/QiNkXII68al/oDNhQM5lSaIxdH0nZhWQ==",
      "dev": true,
      "optional": true
    }
  }
}
